// !$*UTF8*$!
{
	archiveVersion = 1;
	classes = {
	};
	objectVersion = 55;
	objects = {

/* Begin PBXBuildFile section */
		E7E263DE282ABD08002FE8DB /* LICENSE in Resources */ = {isa = PBXBuildFile; fileRef = E7E2636A282ABD07002FE8DB /* LICENSE */; };
		E7E263DF282ABD08002FE8DB /* libcrypto.a in Frameworks */ = {isa = PBXBuildFile; fileRef = E7E263DA282ABD08002FE8DB /* libcrypto.a */; };
		E7E263E0282ABD08002FE8DB /* libssl-tvOS.a in Frameworks */ = {isa = PBXBuildFile; fileRef = E7E263DB282ABD08002FE8DB /* libssl-tvOS.a */; };
		E7E263E1282ABD08002FE8DB /* libssl.a in Frameworks */ = {isa = PBXBuildFile; fileRef = E7E263DC282ABD08002FE8DB /* libssl.a */; };
		E7E263E2282ABD08002FE8DB /* libcrypto-tvOS.a in Frameworks */ = {isa = PBXBuildFile; fileRef = E7E263DD282ABD08002FE8DB /* libcrypto-tvOS.a */; };
		E7E26450282ABF51002FE8DB /* msgbridge.framework in Frameworks */ = {isa = PBXBuildFile; fileRef = E7E262DB282ABADC002FE8DB /* msgbridge.framework */; platformFilter = ios; };
		E7E26451282ABF51002FE8DB /* msgbridge.framework in Embed Frameworks */ = {isa = PBXBuildFile; fileRef = E7E262DB282ABADC002FE8DB /* msgbridge.framework */; platformFilter = ios; settings = {ATTRIBUTES = (CodeSignOnCopy, RemoveHeadersOnCopy, ); }; };
		E7E26452282ABF6C002FE8DB /* AgoraDav1dExtension.framework in Frameworks */ = {isa = PBXBuildFile; fileRef = E7E262DA282ABADC002FE8DB /* AgoraDav1dExtension.framework */; platformFilter = ios; };
		E7E26453282ABF6C002FE8DB /* AgoraDav1dExtension.framework in Embed Frameworks */ = {isa = PBXBuildFile; fileRef = E7E262DA282ABADC002FE8DB /* AgoraDav1dExtension.framework */; platformFilter = ios; settings = {ATTRIBUTES = (CodeSignOnCopy, RemoveHeadersOnCopy, ); }; };
		E7E26454282ABF6D002FE8DB /* Agoraffmpeg.framework in Frameworks */ = {isa = PBXBuildFile; fileRef = E7E262DF282ABADF002FE8DB /* Agoraffmpeg.framework */; platformFilter = ios; };
		E7E26455282ABF6D002FE8DB /* Agoraffmpeg.framework in Embed Frameworks */ = {isa = PBXBuildFile; fileRef = E7E262DF282ABADF002FE8DB /* Agoraffmpeg.framework */; platformFilter = ios; settings = {ATTRIBUTES = (CodeSignOnCopy, RemoveHeadersOnCopy, ); }; };
		E7E26456282ABF6E002FE8DB /* AgoraRtcKit.framework in Frameworks */ = {isa = PBXBuildFile; fileRef = E7E262D9282ABADC002FE8DB /* AgoraRtcKit.framework */; platformFilter = ios; };
		E7E26457282ABF6E002FE8DB /* AgoraRtcKit.framework in Embed Frameworks */ = {isa = PBXBuildFile; fileRef = E7E262D9282ABADC002FE8DB /* AgoraRtcKit.framework */; platformFilter = ios; settings = {ATTRIBUTES = (CodeSignOnCopy, RemoveHeadersOnCopy, ); }; };
		E7E26458282ABF70002FE8DB /* AgoraRtmKit.framework in Frameworks */ = {isa = PBXBuildFile; fileRef = E7E262E1282ABADF002FE8DB /* AgoraRtmKit.framework */; platformFilter = ios; };
		E7E26459282ABF70002FE8DB /* AgoraRtmKit.framework in Embed Frameworks */ = {isa = PBXBuildFile; fileRef = E7E262E1282ABADF002FE8DB /* AgoraRtmKit.framework */; platformFilter = ios; settings = {ATTRIBUTES = (CodeSignOnCopy, RemoveHeadersOnCopy, ); }; };
		E7E2645A282ABF71002FE8DB /* AgoraRtmLoader.framework in Frameworks */ = {isa = PBXBuildFile; fileRef = E7E262E0282ABADF002FE8DB /* AgoraRtmLoader.framework */; platformFilter = ios; };
		E7E2645B282ABF71002FE8DB /* AgoraRtmLoader.framework in Embed Frameworks */ = {isa = PBXBuildFile; fileRef = E7E262E0282ABADF002FE8DB /* AgoraRtmLoader.framework */; platformFilter = ios; settings = {ATTRIBUTES = (CodeSignOnCopy, RemoveHeadersOnCopy, ); }; };
		E7E2645C282ABF73002FE8DB /* BeQuic.framework in Frameworks */ = {isa = PBXBuildFile; fileRef = E7E262DE282ABADE002FE8DB /* BeQuic.framework */; platformFilter = ios; };
		E7E2645D282ABF73002FE8DB /* BeQuic.framework in Embed Frameworks */ = {isa = PBXBuildFile; fileRef = E7E262DE282ABADE002FE8DB /* BeQuic.framework */; platformFilter = ios; settings = {ATTRIBUTES = (CodeSignOnCopy, RemoveHeadersOnCopy, ); }; };
		E7E2645E282ABF75002FE8DB /* scenesync.framework in Frameworks */ = {isa = PBXBuildFile; fileRef = E7E262DC282ABADC002FE8DB /* scenesync.framework */; platformFilter = ios; };
		E7E2645F282ABF75002FE8DB /* scenesync.framework in Embed Frameworks */ = {isa = PBXBuildFile; fileRef = E7E262DC282ABADC002FE8DB /* scenesync.framework */; platformFilter = ios; settings = {ATTRIBUTES = (CodeSignOnCopy, RemoveHeadersOnCopy, ); }; };
		E7E26460282ABF77002FE8DB /* UnityFramework.framework in Frameworks */ = {isa = PBXBuildFile; fileRef = E7E262DD282ABADD002FE8DB /* UnityFramework.framework */; platformFilter = ios; };
		E7E26461282ABF77002FE8DB /* UnityFramework.framework in Embed Frameworks */ = {isa = PBXBuildFile; fileRef = E7E262DD282ABADD002FE8DB /* UnityFramework.framework */; platformFilter = ios; settings = {ATTRIBUTES = (CodeSignOnCopy, RemoveHeadersOnCopy, ); }; };
		F303917B2817E58B004A6A40 /* OnlineUserTableviewCell.xib in Resources */ = {isa = PBXBuildFile; fileRef = F303917A2817E58B004A6A40 /* OnlineUserTableviewCell.xib */; };
		F348D15B2811637A00039743 /* AppDelegate.swift in Sources */ = {isa = PBXBuildFile; fileRef = F348D15A2811637A00039743 /* AppDelegate.swift */; };
		F348D15D2811637A00039743 /* SceneDelegate.swift in Sources */ = {isa = PBXBuildFile; fileRef = F348D15C2811637A00039743 /* SceneDelegate.swift */; };
		F348D15F2811637A00039743 /* MetaChatLoginViewController.swift in Sources */ = {isa = PBXBuildFile; fileRef = F348D15E2811637A00039743 /* MetaChatLoginViewController.swift */; };
		F348D1622811637A00039743 /* Main.storyboard in Resources */ = {isa = PBXBuildFile; fileRef = F348D1602811637A00039743 /* Main.storyboard */; };
		F348D1642811637B00039743 /* Assets.xcassets in Resources */ = {isa = PBXBuildFile; fileRef = F348D1632811637B00039743 /* Assets.xcassets */; };
		F348D1672811637B00039743 /* LaunchScreen.storyboard in Resources */ = {isa = PBXBuildFile; fileRef = F348D1652811637B00039743 /* LaunchScreen.storyboard */; };
		F355AB352823B55A00656A67 /* MetaChatTokenCreater.mm in Sources */ = {isa = PBXBuildFile; fileRef = F355AB342823B55A00656A67 /* MetaChatTokenCreater.mm */; };
		F355AB372823B98400656A67 /* libz.tbd in Frameworks */ = {isa = PBXBuildFile; fileRef = F355AB362823B98400656A67 /* libz.tbd */; };
		F3BA5F4028191B1E00821E23 /* KeyCenter.swift in Sources */ = {isa = PBXBuildFile; fileRef = F3BA5F3F28191B1D00821E23 /* KeyCenter.swift */; };
		F3BA5F4228194F2200821E23 /* MetaChatEngine.swift in Sources */ = {isa = PBXBuildFile; fileRef = F3BA5F4128194F2200821E23 /* MetaChatEngine.swift */; };
		F3D54E992819788C00C5F41A /* MetaChatSceneViewController.swift in Sources */ = {isa = PBXBuildFile; fileRef = F303917C2817F0E1004A6A40 /* MetaChatSceneViewController.swift */; };
/* End PBXBuildFile section */

/* Begin PBXCopyFilesBuildPhase section */
		F3BA5F1A2818F0B500821E23 /* Embed Frameworks */ = {
			isa = PBXCopyFilesBuildPhase;
			buildActionMask = 2147483647;
			dstPath = "";
			dstSubfolderSpec = 10;
			files = (
				E7E26457282ABF6E002FE8DB /* AgoraRtcKit.framework in Embed Frameworks */,
				E7E2645D282ABF73002FE8DB /* BeQuic.framework in Embed Frameworks */,
				E7E26461282ABF77002FE8DB /* UnityFramework.framework in Embed Frameworks */,
				E7E2645F282ABF75002FE8DB /* scenesync.framework in Embed Frameworks */,
				E7E26459282ABF70002FE8DB /* AgoraRtmKit.framework in Embed Frameworks */,
				E7E2645B282ABF71002FE8DB /* AgoraRtmLoader.framework in Embed Frameworks */,
				E7E26453282ABF6C002FE8DB /* AgoraDav1dExtension.framework in Embed Frameworks */,
				E7E26455282ABF6D002FE8DB /* Agoraffmpeg.framework in Embed Frameworks */,
				E7E26451282ABF51002FE8DB /* msgbridge.framework in Embed Frameworks */,
			);
			name = "Embed Frameworks";
			runOnlyForDeploymentPostprocessing = 0;
		};
/* End PBXCopyFilesBuildPhase section */

/* Begin PBXFileReference section */
		E7E262D9282ABADC002FE8DB /* AgoraRtcKit.framework */ = {isa = PBXFileReference; lastKnownFileType = wrapper.framework; path = AgoraRtcKit.framework; sourceTree = "<group>"; };
		E7E262DA282ABADC002FE8DB /* AgoraDav1dExtension.framework */ = {isa = PBXFileReference; lastKnownFileType = wrapper.framework; path = AgoraDav1dExtension.framework; sourceTree = "<group>"; };
		E7E262DB282ABADC002FE8DB /* msgbridge.framework */ = {isa = PBXFileReference; lastKnownFileType = wrapper.framework; path = msgbridge.framework; sourceTree = "<group>"; };
		E7E262DC282ABADC002FE8DB /* scenesync.framework */ = {isa = PBXFileReference; lastKnownFileType = wrapper.framework; path = scenesync.framework; sourceTree = "<group>"; };
		E7E262DD282ABADD002FE8DB /* UnityFramework.framework */ = {isa = PBXFileReference; lastKnownFileType = wrapper.framework; path = UnityFramework.framework; sourceTree = "<group>"; };
		E7E262DE282ABADE002FE8DB /* BeQuic.framework */ = {isa = PBXFileReference; lastKnownFileType = wrapper.framework; path = BeQuic.framework; sourceTree = "<group>"; };
		E7E262DF282ABADF002FE8DB /* Agoraffmpeg.framework */ = {isa = PBXFileReference; lastKnownFileType = wrapper.framework; path = Agoraffmpeg.framework; sourceTree = "<group>"; };
		E7E262E0282ABADF002FE8DB /* AgoraRtmLoader.framework */ = {isa = PBXFileReference; lastKnownFileType = wrapper.framework; path = AgoraRtmLoader.framework; sourceTree = "<group>"; };
		E7E262E1282ABADF002FE8DB /* AgoraRtmKit.framework */ = {isa = PBXFileReference; lastKnownFileType = wrapper.framework; path = AgoraRtmKit.framework; sourceTree = "<group>"; };
		E7E26369282ABD07002FE8DB /* opensslconf-template.h */ = {isa = PBXFileReference; fileEncoding = 4; lastKnownFileType = sourcecode.c.h; path = "opensslconf-template.h"; sourceTree = "<group>"; };
		E7E2636A282ABD07002FE8DB /* LICENSE */ = {isa = PBXFileReference; fileEncoding = 4; lastKnownFileType = text; path = LICENSE; sourceTree = "<group>"; };
		E7E2636C282ABD07002FE8DB /* pem2.h */ = {isa = PBXFileReference; fileEncoding = 4; lastKnownFileType = sourcecode.c.h; path = pem2.h; sourceTree = "<group>"; };
		E7E2636D282ABD07002FE8DB /* kdf.h */ = {isa = PBXFileReference; fileEncoding = 4; lastKnownFileType = sourcecode.c.h; path = kdf.h; sourceTree = "<group>"; };
		E7E2636E282ABD07002FE8DB /* pem.h */ = {isa = PBXFileReference; fileEncoding = 4; lastKnownFileType = sourcecode.c.h; path = pem.h; sourceTree = "<group>"; };
		E7E2636F282ABD07002FE8DB /* asyncerr.h */ = {isa = PBXFileReference; fileEncoding = 4; lastKnownFileType = sourcecode.c.h; path = asyncerr.h; sourceTree = "<group>"; };
		E7E26370282ABD07002FE8DB /* md2.h */ = {isa = PBXFileReference; fileEncoding = 4; lastKnownFileType = sourcecode.c.h; path = md2.h; sourceTree = "<group>"; };
		E7E26371282ABD07002FE8DB /* ssl3.h */ = {isa = PBXFileReference; fileEncoding = 4; lastKnownFileType = sourcecode.c.h; path = ssl3.h; sourceTree = "<group>"; };
		E7E26372282ABD07002FE8DB /* ossl_typ.h */ = {isa = PBXFileReference; fileEncoding = 4; lastKnownFileType = sourcecode.c.h; path = ossl_typ.h; sourceTree = "<group>"; };
		E7E26373282ABD07002FE8DB /* dtls1.h */ = {isa = PBXFileReference; fileEncoding = 4; lastKnownFileType = sourcecode.c.h; path = dtls1.h; sourceTree = "<group>"; };
		E7E26374282ABD07002FE8DB /* err.h */ = {isa = PBXFileReference; fileEncoding = 4; lastKnownFileType = sourcecode.c.h; path = err.h; sourceTree = "<group>"; };
		E7E26375282ABD07002FE8DB /* bn.h */ = {isa = PBXFileReference; fileEncoding = 4; lastKnownFileType = sourcecode.c.h; path = bn.h; sourceTree = "<group>"; };
		E7E26376282ABD07002FE8DB /* blowfish.h */ = {isa = PBXFileReference; fileEncoding = 4; lastKnownFileType = sourcecode.c.h; path = blowfish.h; sourceTree = "<group>"; };
		E7E26377282ABD07002FE8DB /* cms.h */ = {isa = PBXFileReference; fileEncoding = 4; lastKnownFileType = sourcecode.c.h; path = cms.h; sourceTree = "<group>"; };
		E7E26378282ABD07002FE8DB /* engine.h */ = {isa = PBXFileReference; fileEncoding = 4; lastKnownFileType = sourcecode.c.h; path = engine.h; sourceTree = "<group>"; };
		E7E26379282ABD07002FE8DB /* conf_api.h */ = {isa = PBXFileReference; fileEncoding = 4; lastKnownFileType = sourcecode.c.h; path = conf_api.h; sourceTree = "<group>"; };
		E7E2637A282ABD07002FE8DB /* x509.h */ = {isa = PBXFileReference; fileEncoding = 4; lastKnownFileType = sourcecode.c.h; path = x509.h; sourceTree = "<group>"; };
		E7E2637B282ABD07002FE8DB /* asn1_mac.h */ = {isa = PBXFileReference; fileEncoding = 4; lastKnownFileType = sourcecode.c.h; path = asn1_mac.h; sourceTree = "<group>"; };
		E7E2637C282ABD07002FE8DB /* objectserr.h */ = {isa = PBXFileReference; fileEncoding = 4; lastKnownFileType = sourcecode.c.h; path = objectserr.h; sourceTree = "<group>"; };
		E7E2637D282ABD07002FE8DB /* opensslconf_ios_x86_64.h */ = {isa = PBXFileReference; fileEncoding = 4; lastKnownFileType = sourcecode.c.h; path = opensslconf_ios_x86_64.h; sourceTree = "<group>"; };
		E7E2637E282ABD07002FE8DB /* cmserr.h */ = {isa = PBXFileReference; fileEncoding = 4; lastKnownFileType = sourcecode.c.h; path = cmserr.h; sourceTree = "<group>"; };
		E7E2637F282ABD07002FE8DB /* ui.h */ = {isa = PBXFileReference; fileEncoding = 4; lastKnownFileType = sourcecode.c.h; path = ui.h; sourceTree = "<group>"; };
		E7E26380282ABD07002FE8DB /* opensslconf_tvos_x86_64.h */ = {isa = PBXFileReference; fileEncoding = 4; lastKnownFileType = sourcecode.c.h; path = opensslconf_tvos_x86_64.h; sourceTree = "<group>"; };
		E7E26381282ABD07002FE8DB /* sha.h */ = {isa = PBXFileReference; fileEncoding = 4; lastKnownFileType = sourcecode.c.h; path = sha.h; sourceTree = "<group>"; };
		E7E26382282ABD07002FE8DB /* symhacks.h */ = {isa = PBXFileReference; fileEncoding = 4; lastKnownFileType = sourcecode.c.h; path = symhacks.h; sourceTree = "<group>"; };
		E7E26383282ABD07002FE8DB /* asn1.h */ = {isa = PBXFileReference; fileEncoding = 4; lastKnownFileType = sourcecode.c.h; path = asn1.h; sourceTree = "<group>"; };
		E7E26384282ABD07002FE8DB /* bioerr.h */ = {isa = PBXFileReference; fileEncoding = 4; lastKnownFileType = sourcecode.c.h; path = bioerr.h; sourceTree = "<group>"; };
		E7E26385282ABD07002FE8DB /* opensslconf.h */ = {isa = PBXFileReference; fileEncoding = 4; lastKnownFileType = sourcecode.c.h; path = opensslconf.h; sourceTree = "<group>"; };
		E7E26386282ABD07002FE8DB /* bio.h */ = {isa = PBXFileReference; fileEncoding = 4; lastKnownFileType = sourcecode.c.h; path = bio.h; sourceTree = "<group>"; };
		E7E26387282ABD07002FE8DB /* rc2.h */ = {isa = PBXFileReference; fileEncoding = 4; lastKnownFileType = sourcecode.c.h; path = rc2.h; sourceTree = "<group>"; };
		E7E26388282ABD07002FE8DB /* dh.h */ = {isa = PBXFileReference; fileEncoding = 4; lastKnownFileType = sourcecode.c.h; path = dh.h; sourceTree = "<group>"; };
		E7E26389282ABD07002FE8DB /* x509v3.h */ = {isa = PBXFileReference; fileEncoding = 4; lastKnownFileType = sourcecode.c.h; path = x509v3.h; sourceTree = "<group>"; };
		E7E2638A282ABD07002FE8DB /* conf.h */ = {isa = PBXFileReference; fileEncoding = 4; lastKnownFileType = sourcecode.c.h; path = conf.h; sourceTree = "<group>"; };
		E7E2638B282ABD07002FE8DB /* rand_drbg.h */ = {isa = PBXFileReference; fileEncoding = 4; lastKnownFileType = sourcecode.c.h; path = rand_drbg.h; sourceTree = "<group>"; };
		E7E2638C282ABD07002FE8DB /* md5.h */ = {isa = PBXFileReference; fileEncoding = 4; lastKnownFileType = sourcecode.c.h; path = md5.h; sourceTree = "<group>"; };
		E7E2638D282ABD07002FE8DB /* pemerr.h */ = {isa = PBXFileReference; fileEncoding = 4; lastKnownFileType = sourcecode.c.h; path = pemerr.h; sourceTree = "<group>"; };
		E7E2638E282ABD07002FE8DB /* x509_vfy.h */ = {isa = PBXFileReference; fileEncoding = 4; lastKnownFileType = sourcecode.c.h; path = x509_vfy.h; sourceTree = "<group>"; };
		E7E2638F282ABD07002FE8DB /* txt_db.h */ = {isa = PBXFileReference; fileEncoding = 4; lastKnownFileType = sourcecode.c.h; path = txt_db.h; sourceTree = "<group>"; };
		E7E26390282ABD07002FE8DB /* comperr.h */ = {isa = PBXFileReference; fileEncoding = 4; lastKnownFileType = sourcecode.c.h; path = comperr.h; sourceTree = "<group>"; };
		E7E26391282ABD07002FE8DB /* cterr.h */ = {isa = PBXFileReference; fileEncoding = 4; lastKnownFileType = sourcecode.c.h; path = cterr.h; sourceTree = "<group>"; };
		E7E26392282ABD07002FE8DB /* safestack.h */ = {isa = PBXFileReference; fileEncoding = 4; lastKnownFileType = sourcecode.c.h; path = safestack.h; sourceTree = "<group>"; };
		E7E26393282ABD07002FE8DB /* ecdsa.h */ = {isa = PBXFileReference; fileEncoding = 4; lastKnownFileType = sourcecode.c.h; path = ecdsa.h; sourceTree = "<group>"; };
		E7E26394282ABD07002FE8DB /* sslerr.h */ = {isa = PBXFileReference; fileEncoding = 4; lastKnownFileType = sourcecode.c.h; path = sslerr.h; sourceTree = "<group>"; };
		E7E26395282ABD07002FE8DB /* rc5.h */ = {isa = PBXFileReference; fileEncoding = 4; lastKnownFileType = sourcecode.c.h; path = rc5.h; sourceTree = "<group>"; };
		E7E26396282ABD07002FE8DB /* uierr.h */ = {isa = PBXFileReference; fileEncoding = 4; lastKnownFileType = sourcecode.c.h; path = uierr.h; sourceTree = "<group>"; };
		E7E26397282ABD07002FE8DB /* x509v3err.h */ = {isa = PBXFileReference; fileEncoding = 4; lastKnownFileType = sourcecode.c.h; path = x509v3err.h; sourceTree = "<group>"; };
		E7E26398282ABD07002FE8DB /* objects.h */ = {isa = PBXFileReference; fileEncoding = 4; lastKnownFileType = sourcecode.c.h; path = objects.h; sourceTree = "<group>"; };
		E7E26399282ABD07002FE8DB /* pkcs12.h */ = {isa = PBXFileReference; fileEncoding = 4; lastKnownFileType = sourcecode.c.h; path = pkcs12.h; sourceTree = "<group>"; };
		E7E2639A282ABD07002FE8DB /* crypto.h */ = {isa = PBXFileReference; fileEncoding = 4; lastKnownFileType = sourcecode.c.h; path = crypto.h; sourceTree = "<group>"; };
		E7E2639B282ABD07002FE8DB /* opensslv.h */ = {isa = PBXFileReference; fileEncoding = 4; lastKnownFileType = sourcecode.c.h; path = opensslv.h; sourceTree = "<group>"; };
		E7E2639C282ABD07002FE8DB /* evperr.h */ = {isa = PBXFileReference; fileEncoding = 4; lastKnownFileType = sourcecode.c.h; path = evperr.h; sourceTree = "<group>"; };
		E7E2639D282ABD07002FE8DB /* pkcs7.h */ = {isa = PBXFileReference; fileEncoding = 4; lastKnownFileType = sourcecode.c.h; path = pkcs7.h; sourceTree = "<group>"; };
		E7E2639E282ABD07002FE8DB /* obj_mac.h */ = {isa = PBXFileReference; fileEncoding = 4; lastKnownFileType = sourcecode.c.h; path = obj_mac.h; sourceTree = "<group>"; };
		E7E2639F282ABD07002FE8DB /* ct.h */ = {isa = PBXFileReference; fileEncoding = 4; lastKnownFileType = sourcecode.c.h; path = ct.h; sourceTree = "<group>"; };
		E7E263A0282ABD07002FE8DB /* async.h */ = {isa = PBXFileReference; fileEncoding = 4; lastKnownFileType = sourcecode.c.h; path = async.h; sourceTree = "<group>"; };
		E7E263A1282ABD07002FE8DB /* buffer.h */ = {isa = PBXFileReference; fileEncoding = 4; lastKnownFileType = sourcecode.c.h; path = buffer.h; sourceTree = "<group>"; };
		E7E263A2282ABD07002FE8DB /* ssl.h */ = {isa = PBXFileReference; fileEncoding = 4; lastKnownFileType = sourcecode.c.h; path = ssl.h; sourceTree = "<group>"; };
		E7E263A3282ABD07002FE8DB /* srp.h */ = {isa = PBXFileReference; fileEncoding = 4; lastKnownFileType = sourcecode.c.h; path = srp.h; sourceTree = "<group>"; };
		E7E263A4282ABD07002FE8DB /* camellia.h */ = {isa = PBXFileReference; fileEncoding = 4; lastKnownFileType = sourcecode.c.h; path = camellia.h; sourceTree = "<group>"; };
		E7E263A5282ABD07002FE8DB /* opensslconf_ios_arm64.h */ = {isa = PBXFileReference; fileEncoding = 4; lastKnownFileType = sourcecode.c.h; path = opensslconf_ios_arm64.h; sourceTree = "<group>"; };
		E7E263A6282ABD07002FE8DB /* dherr.h */ = {isa = PBXFileReference; fileEncoding = 4; lastKnownFileType = sourcecode.c.h; path = dherr.h; sourceTree = "<group>"; };
		E7E263A7282ABD07002FE8DB /* evp.h */ = {isa = PBXFileReference; fileEncoding = 4; lastKnownFileType = sourcecode.c.h; path = evp.h; sourceTree = "<group>"; };
		E7E263A8282ABD07002FE8DB /* e_os2.h */ = {isa = PBXFileReference; fileEncoding = 4; lastKnownFileType = sourcecode.c.h; path = e_os2.h; sourceTree = "<group>"; };
		E7E263A9282ABD07002FE8DB /* md4.h */ = {isa = PBXFileReference; fileEncoding = 4; lastKnownFileType = sourcecode.c.h; path = md4.h; sourceTree = "<group>"; };
		E7E263AA282ABD07002FE8DB /* hmac.h */ = {isa = PBXFileReference; fileEncoding = 4; lastKnownFileType = sourcecode.c.h; path = hmac.h; sourceTree = "<group>"; };
		E7E263AB282ABD07002FE8DB /* aes.h */ = {isa = PBXFileReference; fileEncoding = 4; lastKnownFileType = sourcecode.c.h; path = aes.h; sourceTree = "<group>"; };
		E7E263AC282ABD08002FE8DB /* engineerr.h */ = {isa = PBXFileReference; fileEncoding = 4; lastKnownFileType = sourcecode.c.h; path = engineerr.h; sourceTree = "<group>"; };
		E7E263AD282ABD08002FE8DB /* comp.h */ = {isa = PBXFileReference; fileEncoding = 4; lastKnownFileType = sourcecode.c.h; path = comp.h; sourceTree = "<group>"; };
		E7E263AE282ABD08002FE8DB /* pkcs12err.h */ = {isa = PBXFileReference; fileEncoding = 4; lastKnownFileType = sourcecode.c.h; path = pkcs12err.h; sourceTree = "<group>"; };
		E7E263AF282ABD08002FE8DB /* cast.h */ = {isa = PBXFileReference; fileEncoding = 4; lastKnownFileType = sourcecode.c.h; path = cast.h; sourceTree = "<group>"; };
		E7E263B0282ABD08002FE8DB /* rc4.h */ = {isa = PBXFileReference; fileEncoding = 4; lastKnownFileType = sourcecode.c.h; path = rc4.h; sourceTree = "<group>"; };
		E7E263B1282ABD08002FE8DB /* stack.h */ = {isa = PBXFileReference; fileEncoding = 4; lastKnownFileType = sourcecode.c.h; path = stack.h; sourceTree = "<group>"; };
		E7E263B2282ABD08002FE8DB /* des.h */ = {isa = PBXFileReference; fileEncoding = 4; lastKnownFileType = sourcecode.c.h; path = des.h; sourceTree = "<group>"; };
		E7E263B3282ABD08002FE8DB /* ocsp.h */ = {isa = PBXFileReference; fileEncoding = 4; lastKnownFileType = sourcecode.c.h; path = ocsp.h; sourceTree = "<group>"; };
		E7E263B4282ABD08002FE8DB /* ec.h */ = {isa = PBXFileReference; fileEncoding = 4; lastKnownFileType = sourcecode.c.h; path = ec.h; sourceTree = "<group>"; };
		E7E263B5282ABD08002FE8DB /* ecdh.h */ = {isa = PBXFileReference; fileEncoding = 4; lastKnownFileType = sourcecode.c.h; path = ecdh.h; sourceTree = "<group>"; };
		E7E263B6282ABD08002FE8DB /* rand.h */ = {isa = PBXFileReference; fileEncoding = 4; lastKnownFileType = sourcecode.c.h; path = rand.h; sourceTree = "<group>"; };
		E7E263B7282ABD08002FE8DB /* opensslconf_tvos_arm64.h */ = {isa = PBXFileReference; fileEncoding = 4; lastKnownFileType = sourcecode.c.h; path = opensslconf_tvos_arm64.h; sourceTree = "<group>"; };
		E7E263B8282ABD08002FE8DB /* ecerr.h */ = {isa = PBXFileReference; fileEncoding = 4; lastKnownFileType = sourcecode.c.h; path = ecerr.h; sourceTree = "<group>"; };
		E7E263B9282ABD08002FE8DB /* ts.h */ = {isa = PBXFileReference; fileEncoding = 4; lastKnownFileType = sourcecode.c.h; path = ts.h; sourceTree = "<group>"; };
		E7E263BA282ABD08002FE8DB /* cryptoerr.h */ = {isa = PBXFileReference; fileEncoding = 4; lastKnownFileType = sourcecode.c.h; path = cryptoerr.h; sourceTree = "<group>"; };
		E7E263BB282ABD08002FE8DB /* storeerr.h */ = {isa = PBXFileReference; fileEncoding = 4; lastKnownFileType = sourcecode.c.h; path = storeerr.h; sourceTree = "<group>"; };
		E7E263BC282ABD08002FE8DB /* buffererr.h */ = {isa = PBXFileReference; fileEncoding = 4; lastKnownFileType = sourcecode.c.h; path = buffererr.h; sourceTree = "<group>"; };
		E7E263BD282ABD08002FE8DB /* seed.h */ = {isa = PBXFileReference; fileEncoding = 4; lastKnownFileType = sourcecode.c.h; path = seed.h; sourceTree = "<group>"; };
		E7E263BE282ABD08002FE8DB /* modes.h */ = {isa = PBXFileReference; fileEncoding = 4; lastKnownFileType = sourcecode.c.h; path = modes.h; sourceTree = "<group>"; };
		E7E263BF282ABD08002FE8DB /* ssl2.h */ = {isa = PBXFileReference; fileEncoding = 4; lastKnownFileType = sourcecode.c.h; path = ssl2.h; sourceTree = "<group>"; };
		E7E263C0282ABD08002FE8DB /* tserr.h */ = {isa = PBXFileReference; fileEncoding = 4; lastKnownFileType = sourcecode.c.h; path = tserr.h; sourceTree = "<group>"; };
		E7E263C1282ABD08002FE8DB /* rsa.h */ = {isa = PBXFileReference; fileEncoding = 4; lastKnownFileType = sourcecode.c.h; path = rsa.h; sourceTree = "<group>"; };
		E7E263C2282ABD08002FE8DB /* ripemd.h */ = {isa = PBXFileReference; fileEncoding = 4; lastKnownFileType = sourcecode.c.h; path = ripemd.h; sourceTree = "<group>"; };
		E7E263C3282ABD08002FE8DB /* whrlpool.h */ = {isa = PBXFileReference; fileEncoding = 4; lastKnownFileType = sourcecode.c.h; path = whrlpool.h; sourceTree = "<group>"; };
		E7E263C4282ABD08002FE8DB /* tls1.h */ = {isa = PBXFileReference; fileEncoding = 4; lastKnownFileType = sourcecode.c.h; path = tls1.h; sourceTree = "<group>"; };
		E7E263C5282ABD08002FE8DB /* rsaerr.h */ = {isa = PBXFileReference; fileEncoding = 4; lastKnownFileType = sourcecode.c.h; path = rsaerr.h; sourceTree = "<group>"; };
		E7E263C6282ABD08002FE8DB /* randerr.h */ = {isa = PBXFileReference; fileEncoding = 4; lastKnownFileType = sourcecode.c.h; path = randerr.h; sourceTree = "<group>"; };
		E7E263C7282ABD08002FE8DB /* mdc2.h */ = {isa = PBXFileReference; fileEncoding = 4; lastKnownFileType = sourcecode.c.h; path = mdc2.h; sourceTree = "<group>"; };
		E7E263C8282ABD08002FE8DB /* ocsperr.h */ = {isa = PBXFileReference; fileEncoding = 4; lastKnownFileType = sourcecode.c.h; path = ocsperr.h; sourceTree = "<group>"; };
		E7E263C9282ABD08002FE8DB /* x509err.h */ = {isa = PBXFileReference; fileEncoding = 4; lastKnownFileType = sourcecode.c.h; path = x509err.h; sourceTree = "<group>"; };
		E7E263CA282ABD08002FE8DB /* pkcs7err.h */ = {isa = PBXFileReference; fileEncoding = 4; lastKnownFileType = sourcecode.c.h; path = pkcs7err.h; sourceTree = "<group>"; };
		E7E263CB282ABD08002FE8DB /* dsa.h */ = {isa = PBXFileReference; fileEncoding = 4; lastKnownFileType = sourcecode.c.h; path = dsa.h; sourceTree = "<group>"; };
		E7E263CC282ABD08002FE8DB /* kdferr.h */ = {isa = PBXFileReference; fileEncoding = 4; lastKnownFileType = sourcecode.c.h; path = kdferr.h; sourceTree = "<group>"; };
		E7E263CD282ABD08002FE8DB /* srtp.h */ = {isa = PBXFileReference; fileEncoding = 4; lastKnownFileType = sourcecode.c.h; path = srtp.h; sourceTree = "<group>"; };
		E7E263CE282ABD08002FE8DB /* asn1t.h */ = {isa = PBXFileReference; fileEncoding = 4; lastKnownFileType = sourcecode.c.h; path = asn1t.h; sourceTree = "<group>"; };
		E7E263CF282ABD08002FE8DB /* dsaerr.h */ = {isa = PBXFileReference; fileEncoding = 4; lastKnownFileType = sourcecode.c.h; path = dsaerr.h; sourceTree = "<group>"; };
		E7E263D0282ABD08002FE8DB /* bnerr.h */ = {isa = PBXFileReference; fileEncoding = 4; lastKnownFileType = sourcecode.c.h; path = bnerr.h; sourceTree = "<group>"; };
		E7E263D1282ABD08002FE8DB /* conferr.h */ = {isa = PBXFileReference; fileEncoding = 4; lastKnownFileType = sourcecode.c.h; path = conferr.h; sourceTree = "<group>"; };
		E7E263D2282ABD08002FE8DB /* cmac.h */ = {isa = PBXFileReference; fileEncoding = 4; lastKnownFileType = sourcecode.c.h; path = cmac.h; sourceTree = "<group>"; };
		E7E263D3282ABD08002FE8DB /* ebcdic.h */ = {isa = PBXFileReference; fileEncoding = 4; lastKnownFileType = sourcecode.c.h; path = ebcdic.h; sourceTree = "<group>"; };
		E7E263D4282ABD08002FE8DB /* opensslconf_ios_arm64e.h */ = {isa = PBXFileReference; fileEncoding = 4; lastKnownFileType = sourcecode.c.h; path = opensslconf_ios_arm64e.h; sourceTree = "<group>"; };
		E7E263D5282ABD08002FE8DB /* store.h */ = {isa = PBXFileReference; fileEncoding = 4; lastKnownFileType = sourcecode.c.h; path = store.h; sourceTree = "<group>"; };
		E7E263D6282ABD08002FE8DB /* idea.h */ = {isa = PBXFileReference; fileEncoding = 4; lastKnownFileType = sourcecode.c.h; path = idea.h; sourceTree = "<group>"; };
		E7E263D7282ABD08002FE8DB /* lhash.h */ = {isa = PBXFileReference; fileEncoding = 4; lastKnownFileType = sourcecode.c.h; path = lhash.h; sourceTree = "<group>"; };
		E7E263D8282ABD08002FE8DB /* asn1err.h */ = {isa = PBXFileReference; fileEncoding = 4; lastKnownFileType = sourcecode.c.h; path = asn1err.h; sourceTree = "<group>"; };
		E7E263DA282ABD08002FE8DB /* libcrypto.a */ = {isa = PBXFileReference; lastKnownFileType = archive.ar; path = libcrypto.a; sourceTree = "<group>"; };
		E7E263DB282ABD08002FE8DB /* libssl-tvOS.a */ = {isa = PBXFileReference; lastKnownFileType = archive.ar; path = "libssl-tvOS.a"; sourceTree = "<group>"; };
		E7E263DC282ABD08002FE8DB /* libssl.a */ = {isa = PBXFileReference; lastKnownFileType = archive.ar; path = libssl.a; sourceTree = "<group>"; };
		E7E263DD282ABD08002FE8DB /* libcrypto-tvOS.a */ = {isa = PBXFileReference; lastKnownFileType = archive.ar; path = "libcrypto-tvOS.a"; sourceTree = "<group>"; };
		F303917A2817E58B004A6A40 /* OnlineUserTableviewCell.xib */ = {isa = PBXFileReference; lastKnownFileType = file.xib; path = OnlineUserTableviewCell.xib; sourceTree = "<group>"; };
		F303917C2817F0E1004A6A40 /* MetaChatSceneViewController.swift */ = {isa = PBXFileReference; lastKnownFileType = sourcecode.swift; path = MetaChatSceneViewController.swift; sourceTree = "<group>"; };
		F348D1572811637A00039743 /* MetaChatDemo.app */ = {isa = PBXFileReference; explicitFileType = wrapper.application; includeInIndex = 0; path = MetaChatDemo.app; sourceTree = BUILT_PRODUCTS_DIR; };
		F348D15A2811637A00039743 /* AppDelegate.swift */ = {isa = PBXFileReference; lastKnownFileType = sourcecode.swift; path = AppDelegate.swift; sourceTree = "<group>"; };
		F348D15C2811637A00039743 /* SceneDelegate.swift */ = {isa = PBXFileReference; lastKnownFileType = sourcecode.swift; path = SceneDelegate.swift; sourceTree = "<group>"; };
		F348D15E2811637A00039743 /* MetaChatLoginViewController.swift */ = {isa = PBXFileReference; lastKnownFileType = sourcecode.swift; path = MetaChatLoginViewController.swift; sourceTree = "<group>"; };
		F348D1612811637A00039743 /* Base */ = {isa = PBXFileReference; lastKnownFileType = file.storyboard; name = Base; path = Base.lproj/Main.storyboard; sourceTree = "<group>"; };
		F348D1632811637B00039743 /* Assets.xcassets */ = {isa = PBXFileReference; lastKnownFileType = folder.assetcatalog; path = Assets.xcassets; sourceTree = "<group>"; };
		F348D1662811637B00039743 /* Base */ = {isa = PBXFileReference; lastKnownFileType = file.storyboard; name = Base; path = Base.lproj/LaunchScreen.storyboard; sourceTree = "<group>"; };
		F348D1682811637B00039743 /* Info.plist */ = {isa = PBXFileReference; lastKnownFileType = text.plist.xml; path = Info.plist; sourceTree = "<group>"; };
		F355AAB02823813000656A67 /* RtmTokenBuilder.h */ = {isa = PBXFileReference; lastKnownFileType = sourcecode.c.h; path = RtmTokenBuilder.h; sourceTree = "<group>"; };
		F355AAB12823814300656A67 /* AccessToken.h */ = {isa = PBXFileReference; lastKnownFileType = sourcecode.c.h; path = AccessToken.h; sourceTree = "<group>"; };
		F355AAB22823815B00656A67 /* utils.h */ = {isa = PBXFileReference; lastKnownFileType = sourcecode.c.h; path = utils.h; sourceTree = "<group>"; };
		F355AAB32823816700656A67 /* Packer.h */ = {isa = PBXFileReference; lastKnownFileType = sourcecode.c.h; path = Packer.h; sourceTree = "<group>"; };
		F355AB332823B55A00656A67 /* MetaChatTokenCreater.h */ = {isa = PBXFileReference; lastKnownFileType = sourcecode.c.h; path = MetaChatTokenCreater.h; sourceTree = "<group>"; };
		F355AB342823B55A00656A67 /* MetaChatTokenCreater.mm */ = {isa = PBXFileReference; lastKnownFileType = sourcecode.cpp.objcpp; path = MetaChatTokenCreater.mm; sourceTree = "<group>"; };
		F355AB362823B98400656A67 /* libz.tbd */ = {isa = PBXFileReference; lastKnownFileType = "sourcecode.text-based-dylib-definition"; name = libz.tbd; path = usr/lib/libz.tbd; sourceTree = SDKROOT; };
		F3BA5F3F28191B1D00821E23 /* KeyCenter.swift */ = {isa = PBXFileReference; fileEncoding = 4; lastKnownFileType = sourcecode.swift; path = KeyCenter.swift; sourceTree = "<group>"; };
		F3BA5F4128194F2200821E23 /* MetaChatEngine.swift */ = {isa = PBXFileReference; lastKnownFileType = sourcecode.swift; path = MetaChatEngine.swift; sourceTree = "<group>"; };
		F3D54E932819732F00C5F41A /* MetaChatDemo-Bridging-Header.h */ = {isa = PBXFileReference; lastKnownFileType = sourcecode.c.h; path = "MetaChatDemo-Bridging-Header.h"; sourceTree = "<group>"; };
/* End PBXFileReference section */

/* Begin PBXFrameworksBuildPhase section */
		F348D1542811637A00039743 /* Frameworks */ = {
			isa = PBXFrameworksBuildPhase;
			buildActionMask = 2147483647;
			files = (
				E7E26454282ABF6D002FE8DB /* Agoraffmpeg.framework in Frameworks */,
				E7E2645C282ABF73002FE8DB /* BeQuic.framework in Frameworks */,
				E7E263E1282ABD08002FE8DB /* libssl.a in Frameworks */,
				E7E26458282ABF70002FE8DB /* AgoraRtmKit.framework in Frameworks */,
				E7E263DF282ABD08002FE8DB /* libcrypto.a in Frameworks */,
				E7E263E2282ABD08002FE8DB /* libcrypto-tvOS.a in Frameworks */,
				E7E26452282ABF6C002FE8DB /* AgoraDav1dExtension.framework in Frameworks */,
				E7E26460282ABF77002FE8DB /* UnityFramework.framework in Frameworks */,
				E7E2645A282ABF71002FE8DB /* AgoraRtmLoader.framework in Frameworks */,
				F355AB372823B98400656A67 /* libz.tbd in Frameworks */,
				E7E263E0282ABD08002FE8DB /* libssl-tvOS.a in Frameworks */,
				E7E26456282ABF6E002FE8DB /* AgoraRtcKit.framework in Frameworks */,
				E7E26450282ABF51002FE8DB /* msgbridge.framework in Frameworks */,
				E7E2645E282ABF75002FE8DB /* scenesync.framework in Frameworks */,
			);
			runOnlyForDeploymentPostprocessing = 0;
		};
/* End PBXFrameworksBuildPhase section */

/* Begin PBXGroup section */
		53A74D4EB082C93C34FE745F /* Frameworks */ = {
			isa = PBXGroup;
			children = (
				F355AB362823B98400656A67 /* libz.tbd */,
				E7E262DA282ABADC002FE8DB /* AgoraDav1dExtension.framework */,
				E7E262DF282ABADF002FE8DB /* Agoraffmpeg.framework */,
				E7E262D9282ABADC002FE8DB /* AgoraRtcKit.framework */,
				E7E262E1282ABADF002FE8DB /* AgoraRtmKit.framework */,
				E7E262E0282ABADF002FE8DB /* AgoraRtmLoader.framework */,
				E7E262DE282ABADE002FE8DB /* BeQuic.framework */,
				E7E262DB282ABADC002FE8DB /* msgbridge.framework */,
				E7E262DC282ABADC002FE8DB /* scenesync.framework */,
				E7E262DD282ABADD002FE8DB /* UnityFramework.framework */,
			);
			name = Frameworks;
			sourceTree = "<group>";
		};
		E7E26367282ABD07002FE8DB /* openssl */ = {
			isa = PBXGroup;
			children = (
				E7E26368282ABD07002FE8DB /* include */,
				E7E263D9282ABD08002FE8DB /* lib */,
			);
			path = openssl;
			sourceTree = "<group>";
		};
		E7E26368282ABD07002FE8DB /* include */ = {
			isa = PBXGroup;
			children = (
				E7E26369282ABD07002FE8DB /* opensslconf-template.h */,
				E7E2636A282ABD07002FE8DB /* LICENSE */,
				E7E2636B282ABD07002FE8DB /* openssl */,
			);
			path = include;
			sourceTree = "<group>";
		};
		E7E2636B282ABD07002FE8DB /* openssl */ = {
			isa = PBXGroup;
			children = (
				E7E2636C282ABD07002FE8DB /* pem2.h */,
				E7E2636D282ABD07002FE8DB /* kdf.h */,
				E7E2636E282ABD07002FE8DB /* pem.h */,
				E7E2636F282ABD07002FE8DB /* asyncerr.h */,
				E7E26370282ABD07002FE8DB /* md2.h */,
				E7E26371282ABD07002FE8DB /* ssl3.h */,
				E7E26372282ABD07002FE8DB /* ossl_typ.h */,
				E7E26373282ABD07002FE8DB /* dtls1.h */,
				E7E26374282ABD07002FE8DB /* err.h */,
				E7E26375282ABD07002FE8DB /* bn.h */,
				E7E26376282ABD07002FE8DB /* blowfish.h */,
				E7E26377282ABD07002FE8DB /* cms.h */,
				E7E26378282ABD07002FE8DB /* engine.h */,
				E7E26379282ABD07002FE8DB /* conf_api.h */,
				E7E2637A282ABD07002FE8DB /* x509.h */,
				E7E2637B282ABD07002FE8DB /* asn1_mac.h */,
				E7E2637C282ABD07002FE8DB /* objectserr.h */,
				E7E2637D282ABD07002FE8DB /* opensslconf_ios_x86_64.h */,
				E7E2637E282ABD07002FE8DB /* cmserr.h */,
				E7E2637F282ABD07002FE8DB /* ui.h */,
				E7E26380282ABD07002FE8DB /* opensslconf_tvos_x86_64.h */,
				E7E26381282ABD07002FE8DB /* sha.h */,
				E7E26382282ABD07002FE8DB /* symhacks.h */,
				E7E26383282ABD07002FE8DB /* asn1.h */,
				E7E26384282ABD07002FE8DB /* bioerr.h */,
				E7E26385282ABD07002FE8DB /* opensslconf.h */,
				E7E26386282ABD07002FE8DB /* bio.h */,
				E7E26387282ABD07002FE8DB /* rc2.h */,
				E7E26388282ABD07002FE8DB /* dh.h */,
				E7E26389282ABD07002FE8DB /* x509v3.h */,
				E7E2638A282ABD07002FE8DB /* conf.h */,
				E7E2638B282ABD07002FE8DB /* rand_drbg.h */,
				E7E2638C282ABD07002FE8DB /* md5.h */,
				E7E2638D282ABD07002FE8DB /* pemerr.h */,
				E7E2638E282ABD07002FE8DB /* x509_vfy.h */,
				E7E2638F282ABD07002FE8DB /* txt_db.h */,
				E7E26390282ABD07002FE8DB /* comperr.h */,
				E7E26391282ABD07002FE8DB /* cterr.h */,
				E7E26392282ABD07002FE8DB /* safestack.h */,
				E7E26393282ABD07002FE8DB /* ecdsa.h */,
				E7E26394282ABD07002FE8DB /* sslerr.h */,
				E7E26395282ABD07002FE8DB /* rc5.h */,
				E7E26396282ABD07002FE8DB /* uierr.h */,
				E7E26397282ABD07002FE8DB /* x509v3err.h */,
				E7E26398282ABD07002FE8DB /* objects.h */,
				E7E26399282ABD07002FE8DB /* pkcs12.h */,
				E7E2639A282ABD07002FE8DB /* crypto.h */,
				E7E2639B282ABD07002FE8DB /* opensslv.h */,
				E7E2639C282ABD07002FE8DB /* evperr.h */,
				E7E2639D282ABD07002FE8DB /* pkcs7.h */,
				E7E2639E282ABD07002FE8DB /* obj_mac.h */,
				E7E2639F282ABD07002FE8DB /* ct.h */,
				E7E263A0282ABD07002FE8DB /* async.h */,
				E7E263A1282ABD07002FE8DB /* buffer.h */,
				E7E263A2282ABD07002FE8DB /* ssl.h */,
				E7E263A3282ABD07002FE8DB /* srp.h */,
				E7E263A4282ABD07002FE8DB /* camellia.h */,
				E7E263A5282ABD07002FE8DB /* opensslconf_ios_arm64.h */,
				E7E263A6282ABD07002FE8DB /* dherr.h */,
				E7E263A7282ABD07002FE8DB /* evp.h */,
				E7E263A8282ABD07002FE8DB /* e_os2.h */,
				E7E263A9282ABD07002FE8DB /* md4.h */,
				E7E263AA282ABD07002FE8DB /* hmac.h */,
				E7E263AB282ABD07002FE8DB /* aes.h */,
				E7E263AC282ABD08002FE8DB /* engineerr.h */,
				E7E263AD282ABD08002FE8DB /* comp.h */,
				E7E263AE282ABD08002FE8DB /* pkcs12err.h */,
				E7E263AF282ABD08002FE8DB /* cast.h */,
				E7E263B0282ABD08002FE8DB /* rc4.h */,
				E7E263B1282ABD08002FE8DB /* stack.h */,
				E7E263B2282ABD08002FE8DB /* des.h */,
				E7E263B3282ABD08002FE8DB /* ocsp.h */,
				E7E263B4282ABD08002FE8DB /* ec.h */,
				E7E263B5282ABD08002FE8DB /* ecdh.h */,
				E7E263B6282ABD08002FE8DB /* rand.h */,
				E7E263B7282ABD08002FE8DB /* opensslconf_tvos_arm64.h */,
				E7E263B8282ABD08002FE8DB /* ecerr.h */,
				E7E263B9282ABD08002FE8DB /* ts.h */,
				E7E263BA282ABD08002FE8DB /* cryptoerr.h */,
				E7E263BB282ABD08002FE8DB /* storeerr.h */,
				E7E263BC282ABD08002FE8DB /* buffererr.h */,
				E7E263BD282ABD08002FE8DB /* seed.h */,
				E7E263BE282ABD08002FE8DB /* modes.h */,
				E7E263BF282ABD08002FE8DB /* ssl2.h */,
				E7E263C0282ABD08002FE8DB /* tserr.h */,
				E7E263C1282ABD08002FE8DB /* rsa.h */,
				E7E263C2282ABD08002FE8DB /* ripemd.h */,
				E7E263C3282ABD08002FE8DB /* whrlpool.h */,
				E7E263C4282ABD08002FE8DB /* tls1.h */,
				E7E263C5282ABD08002FE8DB /* rsaerr.h */,
				E7E263C6282ABD08002FE8DB /* randerr.h */,
				E7E263C7282ABD08002FE8DB /* mdc2.h */,
				E7E263C8282ABD08002FE8DB /* ocsperr.h */,
				E7E263C9282ABD08002FE8DB /* x509err.h */,
				E7E263CA282ABD08002FE8DB /* pkcs7err.h */,
				E7E263CB282ABD08002FE8DB /* dsa.h */,
				E7E263CC282ABD08002FE8DB /* kdferr.h */,
				E7E263CD282ABD08002FE8DB /* srtp.h */,
				E7E263CE282ABD08002FE8DB /* asn1t.h */,
				E7E263CF282ABD08002FE8DB /* dsaerr.h */,
				E7E263D0282ABD08002FE8DB /* bnerr.h */,
				E7E263D1282ABD08002FE8DB /* conferr.h */,
				E7E263D2282ABD08002FE8DB /* cmac.h */,
				E7E263D3282ABD08002FE8DB /* ebcdic.h */,
				E7E263D4282ABD08002FE8DB /* opensslconf_ios_arm64e.h */,
				E7E263D5282ABD08002FE8DB /* store.h */,
				E7E263D6282ABD08002FE8DB /* idea.h */,
				E7E263D7282ABD08002FE8DB /* lhash.h */,
				E7E263D8282ABD08002FE8DB /* asn1err.h */,
			);
			path = openssl;
			sourceTree = "<group>";
		};
		E7E263D9282ABD08002FE8DB /* lib */ = {
			isa = PBXGroup;
			children = (
				E7E263DA282ABD08002FE8DB /* libcrypto.a */,
				E7E263DB282ABD08002FE8DB /* libssl-tvOS.a */,
				E7E263DC282ABD08002FE8DB /* libssl.a */,
				E7E263DD282ABD08002FE8DB /* libcrypto-tvOS.a */,
			);
			path = lib;
			sourceTree = "<group>";
		};
		F348D14E2811637A00039743 = {
			isa = PBXGroup;
			children = (
				E7E26367282ABD07002FE8DB /* openssl */,
				F348D1592811637A00039743 /* MetaChatDemo */,
				F348D1582811637A00039743 /* Products */,
				53A74D4EB082C93C34FE745F /* Frameworks */,
			);
			sourceTree = "<group>";
		};
		F348D1582811637A00039743 /* Products */ = {
			isa = PBXGroup;
			children = (
				F348D1572811637A00039743 /* MetaChatDemo.app */,
			);
			name = Products;
			sourceTree = "<group>";
		};
		F348D1592811637A00039743 /* MetaChatDemo */ = {
			isa = PBXGroup;
			children = (
				F3BA5F3F28191B1D00821E23 /* KeyCenter.swift */,
				F348D15A2811637A00039743 /* AppDelegate.swift */,
				F348D15C2811637A00039743 /* SceneDelegate.swift */,
				F348D15E2811637A00039743 /* MetaChatLoginViewController.swift */,
				F303917C2817F0E1004A6A40 /* MetaChatSceneViewController.swift */,
				F3BA5F4128194F2200821E23 /* MetaChatEngine.swift */,
				F355AAAF28237F9F00656A67 /* TokenBuilder */,
				F348D1602811637A00039743 /* Main.storyboard */,
				F303917A2817E58B004A6A40 /* OnlineUserTableviewCell.xib */,
				F348D1632811637B00039743 /* Assets.xcassets */,
				F348D1652811637B00039743 /* LaunchScreen.storyboard */,
				F348D1682811637B00039743 /* Info.plist */,
				F3D54E932819732F00C5F41A /* MetaChatDemo-Bridging-Header.h */,
			);
			path = MetaChatDemo;
			sourceTree = "<group>";
		};
		F355AAAF28237F9F00656A67 /* TokenBuilder */ = {
			isa = PBXGroup;
			children = (
				F355AAB02823813000656A67 /* RtmTokenBuilder.h */,
				F355AAB12823814300656A67 /* AccessToken.h */,
				F355AAB22823815B00656A67 /* utils.h */,
				F355AAB32823816700656A67 /* Packer.h */,
				F355AB332823B55A00656A67 /* MetaChatTokenCreater.h */,
				F355AB342823B55A00656A67 /* MetaChatTokenCreater.mm */,
			);
			path = TokenBuilder;
			sourceTree = "<group>";
		};
/* End PBXGroup section */

/* Begin PBXNativeTarget section */
		F348D1562811637A00039743 /* MetaChatDemo */ = {
			isa = PBXNativeTarget;
			buildConfigurationList = F348D16B2811637B00039743 /* Build configuration list for PBXNativeTarget "MetaChatDemo" */;
			buildPhases = (
				F348D1532811637A00039743 /* Sources */,
				F348D1542811637A00039743 /* Frameworks */,
				F348D1552811637A00039743 /* Resources */,
				F3BA5F1A2818F0B500821E23 /* Embed Frameworks */,
			);
			buildRules = (
			);
			dependencies = (
			);
			name = MetaChatDemo;
			productName = MetaChatDemo;
			productReference = F348D1572811637A00039743 /* MetaChatDemo.app */;
			productType = "com.apple.product-type.application";
		};
/* End PBXNativeTarget section */

/* Begin PBXProject section */
		F348D14F2811637A00039743 /* Project object */ = {
			isa = PBXProject;
			attributes = {
				BuildIndependentTargetsInParallel = 1;
				LastSwiftUpdateCheck = 1330;
				LastUpgradeCheck = 1330;
				TargetAttributes = {
					F348D1562811637A00039743 = {
						CreatedOnToolsVersion = 13.3;
						LastSwiftMigration = 1330;
					};
				};
			};
			buildConfigurationList = F348D1522811637A00039743 /* Build configuration list for PBXProject "MetaChatDemo" */;
			compatibilityVersion = "Xcode 13.0";
			developmentRegion = en;
			hasScannedForEncodings = 0;
			knownRegions = (
				en,
				Base,
			);
			mainGroup = F348D14E2811637A00039743;
			productRefGroup = F348D1582811637A00039743 /* Products */;
			projectDirPath = "";
			projectRoot = "";
			targets = (
				F348D1562811637A00039743 /* MetaChatDemo */,
			);
		};
/* End PBXProject section */

/* Begin PBXResourcesBuildPhase section */
		F348D1552811637A00039743 /* Resources */ = {
			isa = PBXResourcesBuildPhase;
			buildActionMask = 2147483647;
			files = (
				F348D1672811637B00039743 /* LaunchScreen.storyboard in Resources */,
				F348D1642811637B00039743 /* Assets.xcassets in Resources */,
				F348D1622811637A00039743 /* Main.storyboard in Resources */,
				F303917B2817E58B004A6A40 /* OnlineUserTableviewCell.xib in Resources */,
				E7E263DE282ABD08002FE8DB /* LICENSE in Resources */,
			);
			runOnlyForDeploymentPostprocessing = 0;
		};
/* End PBXResourcesBuildPhase section */

/* Begin PBXSourcesBuildPhase section */
		F348D1532811637A00039743 /* Sources */ = {
			isa = PBXSourcesBuildPhase;
			buildActionMask = 2147483647;
			files = (
				F3D54E992819788C00C5F41A /* MetaChatSceneViewController.swift in Sources */,
				F3BA5F4028191B1E00821E23 /* KeyCenter.swift in Sources */,
				F3BA5F4228194F2200821E23 /* MetaChatEngine.swift in Sources */,
				F348D15F2811637A00039743 /* MetaChatLoginViewController.swift in Sources */,
				F348D15B2811637A00039743 /* AppDelegate.swift in Sources */,
				F348D15D2811637A00039743 /* SceneDelegate.swift in Sources */,
				F355AB352823B55A00656A67 /* MetaChatTokenCreater.mm in Sources */,
			);
			runOnlyForDeploymentPostprocessing = 0;
		};
/* End PBXSourcesBuildPhase section */

/* Begin PBXVariantGroup section */
		F348D1602811637A00039743 /* Main.storyboard */ = {
			isa = PBXVariantGroup;
			children = (
				F348D1612811637A00039743 /* Base */,
			);
			name = Main.storyboard;
			sourceTree = "<group>";
		};
		F348D1652811637B00039743 /* LaunchScreen.storyboard */ = {
			isa = PBXVariantGroup;
			children = (
				F348D1662811637B00039743 /* Base */,
			);
			name = LaunchScreen.storyboard;
			sourceTree = "<group>";
		};
/* End PBXVariantGroup section */

/* Begin XCBuildConfiguration section */
		F348D1692811637B00039743 /* Debug */ = {
			isa = XCBuildConfiguration;
			buildSettings = {
				ALWAYS_SEARCH_USER_PATHS = NO;
				CLANG_ANALYZER_NONNULL = YES;
				CLANG_ANALYZER_NUMBER_OBJECT_CONVERSION = YES_AGGRESSIVE;
				CLANG_CXX_LANGUAGE_STANDARD = "gnu++17";
				CLANG_ENABLE_MODULES = YES;
				CLANG_ENABLE_OBJC_ARC = YES;
				CLANG_ENABLE_OBJC_WEAK = YES;
				CLANG_WARN_BLOCK_CAPTURE_AUTORELEASING = YES;
				CLANG_WARN_BOOL_CONVERSION = YES;
				CLANG_WARN_COMMA = YES;
				CLANG_WARN_CONSTANT_CONVERSION = YES;
				CLANG_WARN_DEPRECATED_OBJC_IMPLEMENTATIONS = YES;
				CLANG_WARN_DIRECT_OBJC_ISA_USAGE = YES_ERROR;
				CLANG_WARN_DOCUMENTATION_COMMENTS = YES;
				CLANG_WARN_EMPTY_BODY = YES;
				CLANG_WARN_ENUM_CONVERSION = YES;
				CLANG_WARN_INFINITE_RECURSION = YES;
				CLANG_WARN_INT_CONVERSION = YES;
				CLANG_WARN_NON_LITERAL_NULL_CONVERSION = YES;
				CLANG_WARN_OBJC_IMPLICIT_RETAIN_SELF = YES;
				CLANG_WARN_OBJC_LITERAL_CONVERSION = YES;
				CLANG_WARN_OBJC_ROOT_CLASS = YES_ERROR;
				CLANG_WARN_QUOTED_INCLUDE_IN_FRAMEWORK_HEADER = YES;
				CLANG_WARN_RANGE_LOOP_ANALYSIS = YES;
				CLANG_WARN_STRICT_PROTOTYPES = YES;
				CLANG_WARN_SUSPICIOUS_MOVE = YES;
				CLANG_WARN_UNGUARDED_AVAILABILITY = YES_AGGRESSIVE;
				CLANG_WARN_UNREACHABLE_CODE = YES;
				CLANG_WARN__DUPLICATE_METHOD_MATCH = YES;
				COPY_PHASE_STRIP = NO;
				DEBUG_INFORMATION_FORMAT = dwarf;
				ENABLE_STRICT_OBJC_MSGSEND = YES;
				ENABLE_TESTABILITY = YES;
				GCC_C_LANGUAGE_STANDARD = gnu11;
				GCC_DYNAMIC_NO_PIC = NO;
				GCC_NO_COMMON_BLOCKS = YES;
				GCC_OPTIMIZATION_LEVEL = 0;
				GCC_PREPROCESSOR_DEFINITIONS = (
					"DEBUG=1",
					"$(inherited)",
				);
				GCC_WARN_64_TO_32_BIT_CONVERSION = YES;
				GCC_WARN_ABOUT_RETURN_TYPE = YES_ERROR;
				GCC_WARN_UNDECLARED_SELECTOR = YES;
				GCC_WARN_UNINITIALIZED_AUTOS = YES_AGGRESSIVE;
				GCC_WARN_UNUSED_FUNCTION = YES;
				GCC_WARN_UNUSED_VARIABLE = YES;
				IPHONEOS_DEPLOYMENT_TARGET = 15.4;
				MTL_ENABLE_DEBUG_INFO = INCLUDE_SOURCE;
				MTL_FAST_MATH = YES;
				ONLY_ACTIVE_ARCH = YES;
				SDKROOT = iphoneos;
				SWIFT_ACTIVE_COMPILATION_CONDITIONS = DEBUG;
				SWIFT_OPTIMIZATION_LEVEL = "-Onone";
			};
			name = Debug;
		};
		F348D16A2811637B00039743 /* Release */ = {
			isa = XCBuildConfiguration;
			buildSettings = {
				ALWAYS_SEARCH_USER_PATHS = NO;
				CLANG_ANALYZER_NONNULL = YES;
				CLANG_ANALYZER_NUMBER_OBJECT_CONVERSION = YES_AGGRESSIVE;
				CLANG_CXX_LANGUAGE_STANDARD = "gnu++17";
				CLANG_ENABLE_MODULES = YES;
				CLANG_ENABLE_OBJC_ARC = YES;
				CLANG_ENABLE_OBJC_WEAK = YES;
				CLANG_WARN_BLOCK_CAPTURE_AUTORELEASING = YES;
				CLANG_WARN_BOOL_CONVERSION = YES;
				CLANG_WARN_COMMA = YES;
				CLANG_WARN_CONSTANT_CONVERSION = YES;
				CLANG_WARN_DEPRECATED_OBJC_IMPLEMENTATIONS = YES;
				CLANG_WARN_DIRECT_OBJC_ISA_USAGE = YES_ERROR;
				CLANG_WARN_DOCUMENTATION_COMMENTS = YES;
				CLANG_WARN_EMPTY_BODY = YES;
				CLANG_WARN_ENUM_CONVERSION = YES;
				CLANG_WARN_INFINITE_RECURSION = YES;
				CLANG_WARN_INT_CONVERSION = YES;
				CLANG_WARN_NON_LITERAL_NULL_CONVERSION = YES;
				CLANG_WARN_OBJC_IMPLICIT_RETAIN_SELF = YES;
				CLANG_WARN_OBJC_LITERAL_CONVERSION = YES;
				CLANG_WARN_OBJC_ROOT_CLASS = YES_ERROR;
				CLANG_WARN_QUOTED_INCLUDE_IN_FRAMEWORK_HEADER = YES;
				CLANG_WARN_RANGE_LOOP_ANALYSIS = YES;
				CLANG_WARN_STRICT_PROTOTYPES = YES;
				CLANG_WARN_SUSPICIOUS_MOVE = YES;
				CLANG_WARN_UNGUARDED_AVAILABILITY = YES_AGGRESSIVE;
				CLANG_WARN_UNREACHABLE_CODE = YES;
				CLANG_WARN__DUPLICATE_METHOD_MATCH = YES;
				COPY_PHASE_STRIP = NO;
				DEBUG_INFORMATION_FORMAT = "dwarf-with-dsym";
				ENABLE_NS_ASSERTIONS = NO;
				ENABLE_STRICT_OBJC_MSGSEND = YES;
				GCC_C_LANGUAGE_STANDARD = gnu11;
				GCC_NO_COMMON_BLOCKS = YES;
				GCC_WARN_64_TO_32_BIT_CONVERSION = YES;
				GCC_WARN_ABOUT_RETURN_TYPE = YES_ERROR;
				GCC_WARN_UNDECLARED_SELECTOR = YES;
				GCC_WARN_UNINITIALIZED_AUTOS = YES_AGGRESSIVE;
				GCC_WARN_UNUSED_FUNCTION = YES;
				GCC_WARN_UNUSED_VARIABLE = YES;
				IPHONEOS_DEPLOYMENT_TARGET = 15.4;
				MTL_ENABLE_DEBUG_INFO = NO;
				MTL_FAST_MATH = YES;
				SDKROOT = iphoneos;
				SWIFT_COMPILATION_MODE = wholemodule;
				SWIFT_OPTIMIZATION_LEVEL = "-O";
				VALIDATE_PRODUCT = YES;
			};
			name = Release;
		};
		F348D16C2811637B00039743 /* Debug */ = {
			isa = XCBuildConfiguration;
			buildSettings = {
				ASSETCATALOG_COMPILER_APPICON_NAME = AppIcon;
				ASSETCATALOG_COMPILER_GLOBAL_ACCENT_COLOR_NAME = AccentColor;
				CLANG_ENABLE_MODULES = YES;
				CODE_SIGN_STYLE = Automatic;
				CURRENT_PROJECT_VERSION = 9;
				DEVELOPMENT_TEAM = YS397FG5PA;
				ENABLE_BITCODE = NO;
				FRAMEWORK_SEARCH_PATHS = (
					"$(inherited)",
					"$(PROJECT_DIR)",
				);
				GENERATE_INFOPLIST_FILE = YES;
				HEADER_SEARCH_PATHS = "$(PROJECT_DIR)/openssl/include";
				INFOPLIST_FILE = MetaChatDemo/Info.plist;
				INFOPLIST_KEY_NSCameraUsageDescription = "请求摄像头权限";
				INFOPLIST_KEY_NSMicrophoneUsageDescription = "请求麦克风权限";
				INFOPLIST_KEY_UIApplicationSupportsIndirectInputEvents = YES;
				INFOPLIST_KEY_UILaunchStoryboardName = LaunchScreen;
				INFOPLIST_KEY_UIMainStoryboardFile = Main;
				INFOPLIST_KEY_UISupportedInterfaceOrientations = UIInterfaceOrientationPortrait;
				INFOPLIST_KEY_UISupportedInterfaceOrientations_iPad = "UIInterfaceOrientationPortrait UIInterfaceOrientationPortraitUpsideDown UIInterfaceOrientationLandscapeLeft UIInterfaceOrientationLandscapeRight";
				INFOPLIST_KEY_UISupportedInterfaceOrientations_iPhone = "UIInterfaceOrientationPortrait UIInterfaceOrientationLandscapeLeft UIInterfaceOrientationLandscapeRight";
				IPHONEOS_DEPLOYMENT_TARGET = 13.0;
				LD_RUNPATH_SEARCH_PATHS = (
					"$(inherited)",
					"@executable_path/Frameworks",
				);
				LIBRARY_SEARCH_PATHS = (
					"$(inherited)",
					"$(PROJECT_DIR)/openssl/lib",
					"$(PROJECT_DIR)/MetaChatDemo/openssl/lib",
				);
				MARKETING_VERSION = 1.0;
				PRODUCT_BUNDLE_IDENTIFIER = io.agora.scenes.MetaChat;
				PRODUCT_NAME = "$(TARGET_NAME)";
				SWIFT_EMIT_LOC_STRINGS = YES;
				SWIFT_OBJC_BRIDGING_HEADER = "MetaChatDemo/MetaChatDemo-Bridging-Header.h";
				SWIFT_OPTIMIZATION_LEVEL = "-Onone";
				SWIFT_VERSION = 5.0;
				TARGETED_DEVICE_FAMILY = "1,2";
				VALIDATE_WORKSPACE = YES;
			};
			name = Debug;
		};
		F348D16D2811637B00039743 /* Release */ = {
			isa = XCBuildConfiguration;
			buildSettings = {
				ASSETCATALOG_COMPILER_APPICON_NAME = AppIcon;
				ASSETCATALOG_COMPILER_GLOBAL_ACCENT_COLOR_NAME = AccentColor;
				CLANG_ENABLE_MODULES = YES;
				CODE_SIGN_STYLE = Automatic;
				CURRENT_PROJECT_VERSION = 9;
				DEVELOPMENT_TEAM = YS397FG5PA;
				ENABLE_BITCODE = NO;
				FRAMEWORK_SEARCH_PATHS = (
					"$(inherited)",
					"$(PROJECT_DIR)",
				);
				GENERATE_INFOPLIST_FILE = YES;
				HEADER_SEARCH_PATHS = "$(PROJECT_DIR)/openssl/include";
				INFOPLIST_FILE = MetaChatDemo/Info.plist;
				INFOPLIST_KEY_NSCameraUsageDescription = "请求摄像头权限";
				INFOPLIST_KEY_NSMicrophoneUsageDescription = "请求麦克风权限";
				INFOPLIST_KEY_UIApplicationSupportsIndirectInputEvents = YES;
				INFOPLIST_KEY_UILaunchStoryboardName = LaunchScreen;
				INFOPLIST_KEY_UIMainStoryboardFile = Main;
				INFOPLIST_KEY_UISupportedInterfaceOrientations = UIInterfaceOrientationPortrait;
				INFOPLIST_KEY_UISupportedInterfaceOrientations_iPad = "UIInterfaceOrientationPortrait UIInterfaceOrientationPortraitUpsideDown UIInterfaceOrientationLandscapeLeft UIInterfaceOrientationLandscapeRight";
				INFOPLIST_KEY_UISupportedInterfaceOrientations_iPhone = "UIInterfaceOrientationPortrait UIInterfaceOrientationLandscapeLeft UIInterfaceOrientationLandscapeRight";
				IPHONEOS_DEPLOYMENT_TARGET = 13.0;
				LD_RUNPATH_SEARCH_PATHS = (
					"$(inherited)",
					"@executable_path/Frameworks",
				);
				LIBRARY_SEARCH_PATHS = (
					"$(inherited)",
					"$(PROJECT_DIR)/openssl/lib",
					"$(PROJECT_DIR)/MetaChatDemo/openssl/lib",
				);
				MARKETING_VERSION = 1.0;
				PRODUCT_BUNDLE_IDENTIFIER = io.agora.scenes.MetaChat;
				PRODUCT_NAME = "$(TARGET_NAME)";
				SWIFT_EMIT_LOC_STRINGS = YES;
				SWIFT_OBJC_BRIDGING_HEADER = "MetaChatDemo/MetaChatDemo-Bridging-Header.h";
				SWIFT_VERSION = 5.0;
				TARGETED_DEVICE_FAMILY = "1,2";
				VALIDATE_WORKSPACE = YES;
			};
			name = Release;
		};
/* End XCBuildConfiguration section */

/* Begin XCConfigurationList section */
		F348D1522811637A00039743 /* Build configuration list for PBXProject "MetaChatDemo" */ = {
			isa = XCConfigurationList;
			buildConfigurations = (
				F348D1692811637B00039743 /* Debug */,
				F348D16A2811637B00039743 /* Release */,
			);
			defaultConfigurationIsVisible = 0;
			defaultConfigurationName = Release;
		};
		F348D16B2811637B00039743 /* Build configuration list for PBXNativeTarget "MetaChatDemo" */ = {
			isa = XCConfigurationList;
			buildConfigurations = (
				F348D16C2811637B00039743 /* Debug */,
				F348D16D2811637B00039743 /* Release */,
			);
			defaultConfigurationIsVisible = 0;
			defaultConfigurationName = Release;
		};
/* End XCConfigurationList section */
	};
	rootObject = F348D14F2811637A00039743 /* Project object */;
}
